
Microsoft Visual Studio Solution File, Format Version 12.00
# Visual Studio 15
VisualStudioVersion = 15.0.27130.2027
MinimumVisualStudioVersion = 10.0.40219.1
Project("{9A19103F-16F7-4668-BE54-9A1E7A4F7556}") = "01. Dangerous Floor", "01. Dangerous Floor\01. Dangerous Floor.csproj", "{7F17C400-BFD8-42DB-A3FB-CB2AE0DD6A2E}"
EndProject
Project("{9A19103F-16F7-4668-BE54-9A1E7A4F7556}") = "02. Crypto Master", "02. Crypto Master\02. Crypto Master.csproj", "{12AD6CAD-E1E5-40EF-BAFB-A0B4B94987A9}"
EndProject
Project("{9A19103F-16F7-4668-BE54-9A1E7A4F7556}") = "03. Greedy Times", "03. Greedy Times\03. Greedy Times.csproj", "{749B9EC4-0EAE-4B00-B77F-A5D32ACB7958}"
EndProject
Project("{FAE04EC0-301F-11D3-BF4B-00C04F79EFBC}") = "04. Treasure Map", "04. Treasure Map\04. Treasure Map.csproj", "{832CDFE0-351B-46D1-8F9E-AD049C805039}"
EndProject
Global
	GlobalSection(SolutionConfigurationPlatforms) = preSolution
		Debug|Any CPU = Debug|Any CPU
		Release|Any CPU = Release|Any CPU
	EndGlobalSection
	GlobalSection(ProjectConfigurationPlatforms) = postSolution
		{7F17C400-BFD8-42DB-A3FB-CB2AE0DD6A2E}.Debug|Any CPU.ActiveCfg = Debug|Any CPU
		{7F17C400-BFD8-42DB-A3FB-CB2AE0DD6A2E}.Debug|Any CPU.Build.0 = Debug|Any CPU
		{7F17C400-BFD8-42DB-A3FB-CB2AE0DD6A2E}.Release|Any CPU.ActiveCfg = Release|Any CPU
		{7F17C400-BFD8-42DB-A3FB-CB2AE0DD6A2E}.Release|Any CPU.Build.0 = Release|Any CPU
		{12AD6CAD-E1E5-40EF-BAFB-A0B4B94987A9}.Debug|Any CPU.ActiveCfg = Debug|Any CPU
		{12AD6CAD-E1E5-40EF-BAFB-A0B4B94987A9}.Debug|Any CPU.Build.0 = Debug|Any CPU
		{12AD6CAD-E1E5-40EF-BAFB-A0B4B94987A9}.Release|Any CPU.ActiveCfg = Release|Any CPU
		{12AD6CAD-E1E5-40EF-BAFB-A0B4B94987A9}.Release|Any CPU.Build.0 = Release|Any CPU
		{749B9EC4-0EAE-4B00-B77F-A5D32ACB7958}.Debug|Any CPU.ActiveCfg = Debug|Any CPU
		{749B9EC4-0EAE-4B00-B77F-A5D32ACB7958}.Debug|Any CPU.Build.0 = Debug|Any CPU
		{749B9EC4-0EAE-4B00-B77F-A5D32ACB7958}.Release|Any CPU.ActiveCfg = Release|Any CPU
		{749B9EC4-0EAE-4B00-B77F-A5D32ACB7958}.Release|Any CPU.Build.0 = Release|Any CPU
		{832CDFE0-351B-46D1-8F9E-AD049C805039}.Debug|Any CPU.ActiveCfg = Debug|Any CPU
		{832CDFE0-351B-46D1-8F9E-AD049C805039}.Debug|Any CPU.Build.0 = Debug|Any CPU
		{832CDFE0-351B-46D1-8F9E-AD049C805039}.Release|Any CPU.ActiveCfg = Release|Any CPU
		{832CDFE0-351B-46D1-8F9E-AD049C805039}.Release|Any CPU.Build.0 = Release|Any CPU
	EndGlobalSection
	GlobalSection(SolutionProperties) = preSolution
		HideSolutionNode = FALSE
	EndGlobalSection
	GlobalSection(ExtensibilityGlobals) = postSolution
		SolutionGuid = {F49E204E-6A85-483C-BC64-6BC7504CB85F}
	EndGlobalSection
EndGlobal
